
Microsoft Visual Studio Solution File, Format Version 12.00
# Visual Studio Version 17
VisualStudioVersion = 17.3.32922.545
MinimumVisualStudioVersion = 10.0.40219.1
Project("{FAE04EC0-301F-11D3-BF4B-00C04F79EFBC}") = "project1", "project1.csproj", "{67C57437-F8A7-4393-8376-D73CE5F99BED}"
EndProject
Global
	GlobalSection(SolutionConfigurationPlatforms) = preSolution
		Debug|Any CPU = Debug|Any CPU
		Release|Any CPU = Release|Any CPU
	EndGlobalSection
	GlobalSection(ProjectConfigurationPlatforms) = postSolution
		{67C57437-F8A7-4393-8376-D73CE5F99BED}.Debug|Any CPU.ActiveCfg = Debug|Any CPU
		{67C57437-F8A7-4393-8376-D73CE5F99BED}.Debug|Any CPU.Build.0 = Debug|Any CPU
		{67C57437-F8A7-4393-8376-D73CE5F99BED}.Release|Any CPU.ActiveCfg = Release|Any CPU
		{67C57437-F8A7-4393-8376-D73CE5F99BED}.Release|Any CPU.Build.0 = Release|Any CPU
	EndGlobalSection
	GlobalSection(SolutionProperties) = preSolution
		HideSolutionNode = FALSE
	EndGlobalSection
	GlobalSection(ExtensibilityGlobals) = postSolution
		SolutionGuid = {E7ED5CDC-DF17-437C-8228-06F8F28E17B2}
	EndGlobalSection
EndGlobal
